Microsoft Visual Studio Solution File, Format Version 12.00
# Visual Studio Version 17
VisualStudioVersion = 17.13.35931.197
MinimumVisualStudioVersion = 10.0.40219.1
Project("{FAE04EC0-301F-11D3-BF4B-00C04F79EFBC}") = "EventBookingSystem", "EventBookingSystem\EventBookingSystem.csproj", "{13996656-BD3D-47C6-BBFB-5606E12F6226}"
EndProject
Project("{FAE04EC0-301F-11D3-BF4B-00C04F79EFBC}") = "Booking.Core", "Booking.Core\Booking.Core.csproj", "{2B9F2F79-3884-41DC-A1E8-6D598EE0E009}"
EndProject
Project("{FAE04EC0-301F-11D3-BF4B-00C04F79EFBC}") = "Booking.Repo", "Booking.Repo\Booking.Repo.csproj", "{806FBCB3-3BA8-47F9-B7EB-362645AB7014}"
EndProject
Project("{FAE04EC0-301F-11D3-BF4B-00C04F79EFBC}") = "Bookings.Service", "Bookings.Service\Bookings.Service.csproj", "{7E0D0C0A-1FD5-4823-B8F4-48C52D2FE05A}"
EndProject
Project("{FAE04EC0-301F-11D3-BF4B-00C04F79EFBC}") = "SharedLiberary", "DTOS\SharedLiberary.csproj", "{DC7C8DC8-17D1-4227-9916-288134A5BE5D}"
EndProject
Project("{FAE04EC0-301F-11D3-BF4B-00C04F79EFBC}") = "unitTesting", "unitTesting\unitTesting.csproj", "{9A02ADC2-4AAA-4DD2-823B-8943AFCDEBB6}"
EndProject
Project("{FAE04EC0-301F-11D3-BF4B-00C04F79EFBC}") = "AdminDashBoard", "AdminDashBoard\AdminDashBoard.csproj", "{2DF59994-EDA9-51BC-3481-DB12B289D930}"
EndProject
Global
	GlobalSection(SolutionConfigurationPlatforms) = preSolution
		Debug|Any CPU = Debug|Any CPU
		Release|Any CPU = Release|Any CPU
	EndGlobalSection
	GlobalSection(ProjectConfigurationPlatforms) = postSolution
		{13996656-BD3D-47C6-BBFB-5606E12F6226}.Debug|Any CPU.ActiveCfg = Debug|Any CPU
		{13996656-BD3D-47C6-BBFB-5606E12F6226}.Debug|Any CPU.Build.0 = Debug|Any CPU
		{13996656-BD3D-47C6-BBFB-5606E12F6226}.Release|Any CPU.ActiveCfg = Release|Any CPU
		{13996656-BD3D-47C6-BBFB-5606E12F6226}.Release|Any CPU.Build.0 = Release|Any CPU
		{2B9F2F79-3884-41DC-A1E8-6D598EE0E009}.Debug|Any CPU.ActiveCfg = Debug|Any CPU
		{2B9F2F79-3884-41DC-A1E8-6D598EE0E009}.Debug|Any CPU.Build.0 = Debug|Any CPU
		{2B9F2F79-3884-41DC-A1E8-6D598EE0E009}.Release|Any CPU.ActiveCfg = Release|Any CPU
		{2B9F2F79-3884-41DC-A1E8-6D598EE0E009}.Release|Any CPU.Build.0 = Release|Any CPU
		{806FBCB3-3BA8-47F9-B7EB-362645AB7014}.Debug|Any CPU.ActiveCfg = Debug|Any CPU
		{806FBCB3-3BA8-47F9-B7EB-362645AB7014}.Debug|Any CPU.Build.0 = Debug|Any CPU
		{806FBCB3-3BA8-47F9-B7EB-362645AB7014}.Release|Any CPU.ActiveCfg = Release|Any CPU
		{806FBCB3-3BA8-47F9-B7EB-362645AB7014}.Release|Any CPU.Build.0 = Release|Any CPU
		{7E0D0C0A-1FD5-4823-B8F4-48C52D2FE05A}.Debug|Any CPU.ActiveCfg = Debug|Any CPU
		{7E0D0C0A-1FD5-4823-B8F4-48C52D2FE05A}.Debug|Any CPU.Build.0 = Debug|Any CPU
		{7E0D0C0A-1FD5-4823-B8F4-48C52D2FE05A}.Release|Any CPU.ActiveCfg = Release|Any CPU
		{7E0D0C0A-1FD5-4823-B8F4-48C52D2FE05A}.Release|Any CPU.Build.0 = Release|Any CPU
		{DC7C8DC8-17D1-4227-9916-288134A5BE5D}.Debug|Any CPU.ActiveCfg = Debug|Any CPU
		{DC7C8DC8-17D1-4227-9916-288134A5BE5D}.Debug|Any CPU.Build.0 = Debug|Any CPU
		{DC7C8DC8-17D1-4227-9916-288134A5BE5D}.Release|Any CPU.ActiveCfg = Release|Any CPU
		{DC7C8DC8-17D1-4227-9916-288134A5BE5D}.Release|Any CPU.Build.0 = Release|Any CPU
		{9A02ADC2-4AAA-4DD2-823B-8943AFCDEBB6}.Debug|Any CPU.ActiveCfg = Debug|Any CPU
		{9A02ADC2-4AAA-4DD2-823B-8943AFCDEBB6}.Debug|Any CPU.Build.0 = Debug|Any CPU
		{9A02ADC2-4AAA-4DD2-823B-8943AFCDEBB6}.Release|Any CPU.ActiveCfg = Release|Any CPU
		{9A02ADC2-4AAA-4DD2-823B-8943AFCDEBB6}.Release|Any CPU.Build.0 = Release|Any CPU
		{2DF59994-EDA9-51BC-3481-DB12B289D930}.Debug|Any CPU.ActiveCfg = Debug|Any CPU
		{2DF59994-EDA9-51BC-3481-DB12B289D930}.Debug|Any CPU.Build.0 = Debug|Any CPU
		{2DF59994-EDA9-51BC-3481-DB12B289D930}.Release|Any CPU.ActiveCfg = Release|Any CPU
		{2DF59994-EDA9-51BC-3481-DB12B289D930}.Release|Any CPU.Build.0 = Release|Any CPU
	EndGlobalSection
	GlobalSection(SolutionProperties) = preSolution
		HideSolutionNode = FALSE
	EndGlobalSection
	GlobalSection(ExtensibilityGlobals) = postSolution
		SolutionGuid = {8067DDE4-10E5-4C1A-B86A-3CB86BD9D6BE}
	EndGlobalSection
EndGlobal
